
Microsoft Visual Studio Solution File, Format Version 12.00
# Visual Studio Version 16
VisualStudioVersion = 16.0.29519.87
MinimumVisualStudioVersion = 10.0.40219.1
Project("{9A19103F-16F7-4668-BE54-9A1E7A4F7556}") = "SocialNetworkAnalyzer.MVC", "SocialNetworkAnalyzer\SocialNetworkAnalyzer.MVC.csproj", "{740F3D9B-29AC-49A3-A7FE-3A6D4EACD111}"
EndProject
Project("{9A19103F-16F7-4668-BE54-9A1E7A4F7556}") = "SocialNetworkAnalyzer.EntityFrameworkCore", "SocialNetworkAnalyzer.EntityFrameworkCore\SocialNetworkAnalyzer.EntityFrameworkCore.csproj", "{D3614394-A2C6-41EE-950F-E68E8E36067C}"
EndProject
Project("{9A19103F-16F7-4668-BE54-9A1E7A4F7556}") = "SocialNetworkAnalyzer.Core", "SocialNetworkAnalyzer.Core\SocialNetworkAnalyzer.Core.csproj", "{D1362A27-FB95-4FC4-A9EB-2E4FDD71A297}"
EndProject
Project("{9A19103F-16F7-4668-BE54-9A1E7A4F7556}") = "SocialNetworkAnalyzer.Tests", "SocialNetworkAnalyzer.Tests\SocialNetworkAnalyzer.Tests.csproj", "{8A3DC8B1-D7C4-4FBE-807F-F7A8594D9F96}"
EndProject
Global
	GlobalSection(SolutionConfigurationPlatforms) = preSolution
		Debug|Any CPU = Debug|Any CPU
		Release|Any CPU = Release|Any CPU
	EndGlobalSection
	GlobalSection(ProjectConfigurationPlatforms) = postSolution
		{740F3D9B-29AC-49A3-A7FE-3A6D4EACD111}.Debug|Any CPU.ActiveCfg = Debug|Any CPU
		{740F3D9B-29AC-49A3-A7FE-3A6D4EACD111}.Debug|Any CPU.Build.0 = Debug|Any CPU
		{740F3D9B-29AC-49A3-A7FE-3A6D4EACD111}.Release|Any CPU.ActiveCfg = Release|Any CPU
		{740F3D9B-29AC-49A3-A7FE-3A6D4EACD111}.Release|Any CPU.Build.0 = Release|Any CPU
		{D3614394-A2C6-41EE-950F-E68E8E36067C}.Debug|Any CPU.ActiveCfg = Debug|Any CPU
		{D3614394-A2C6-41EE-950F-E68E8E36067C}.Debug|Any CPU.Build.0 = Debug|Any CPU
		{D3614394-A2C6-41EE-950F-E68E8E36067C}.Release|Any CPU.ActiveCfg = Release|Any CPU
		{D3614394-A2C6-41EE-950F-E68E8E36067C}.Release|Any CPU.Build.0 = Release|Any CPU
		{D1362A27-FB95-4FC4-A9EB-2E4FDD71A297}.Debug|Any CPU.ActiveCfg = Debug|Any CPU
		{D1362A27-FB95-4FC4-A9EB-2E4FDD71A297}.Debug|Any CPU.Build.0 = Debug|Any CPU
		{D1362A27-FB95-4FC4-A9EB-2E4FDD71A297}.Release|Any CPU.ActiveCfg = Release|Any CPU
		{D1362A27-FB95-4FC4-A9EB-2E4FDD71A297}.Release|Any CPU.Build.0 = Release|Any CPU
		{8A3DC8B1-D7C4-4FBE-807F-F7A8594D9F96}.Debug|Any CPU.ActiveCfg = Debug|Any CPU
		{8A3DC8B1-D7C4-4FBE-807F-F7A8594D9F96}.Debug|Any CPU.Build.0 = Debug|Any CPU
		{8A3DC8B1-D7C4-4FBE-807F-F7A8594D9F96}.Release|Any CPU.ActiveCfg = Release|Any CPU
		{8A3DC8B1-D7C4-4FBE-807F-F7A8594D9F96}.Release|Any CPU.Build.0 = Release|Any CPU
	EndGlobalSection
	GlobalSection(SolutionProperties) = preSolution
		HideSolutionNode = FALSE
	EndGlobalSection
	GlobalSection(ExtensibilityGlobals) = postSolution
		SolutionGuid = {304916D9-54D4-4F1D-AD35-9ACD2B3AA521}
	EndGlobalSection
EndGlobal
